revision = 2
requires-python = "==3.11.*"
    { name = "opentelemetry-api" },
    { name = "opentelemetry-exporter-otlp" },
    { name = "opentelemetry-sdk" },
obs = [
    { name = "opentelemetry-exporter-otlp" },
    { name = "opentelemetry-sdk" },
    { name = "prometheus-client" },
]
observability = [
[package.dev-dependencies]
dev = [
    { name = "coverage" },
    { name = "deptry" },
    { name = "pylint" },
    { name = "pyright" },
    { name = "pytest" },
    { name = "pytest-randomly" },
    { name = "pytest-xdist" },
    { name = "ruff" },
    { name = "vulture" },
]

    { name = "opentelemetry-api", specifier = ">=1.37.0,<2.0.0" },
    { name = "opentelemetry-api", marker = "extra == 'obs'", specifier = ">=1.37.0,<2.0.0" },
    { name = "opentelemetry-exporter-otlp", specifier = ">=1.37.0,<2.0.0" },
    { name = "opentelemetry-exporter-otlp", marker = "extra == 'obs'", specifier = ">=1.37.0,<2.0.0" },
    { name = "opentelemetry-sdk", specifier = ">=1.37.0,<2.0.0" },
    { name = "opentelemetry-sdk", marker = "extra == 'obs'", specifier = ">=1.37.0,<2.0.0" },
    { name = "prometheus-client", marker = "extra == 'obs'", specifier = ">=0.23.1,<0.24.0" },
provides-extras = ["eval", "dev", "docs", "contract", "accessibility", "llm", "observability", "obs", "parsing", "dataframe", "gpu", "server", "web", "all"]

[package.metadata.requires-dev]
dev = [
    { name = "coverage", specifier = ">=7.10.7" },
    { name = "deptry", specifier = ">=0.23.1" },
    { name = "pylint", specifier = ">=4.0.0" },
    { name = "pyright", specifier = ">=1.1.406" },
    { name = "pytest", specifier = ">=8.4.2" },
    { name = "pytest-randomly", specifier = ">=4.0.1" },
    { name = "pytest-xdist", specifier = ">=3.8.0" },
    { name = "ruff", specifier = ">=0.14.0" },
    { name = "vulture", specifier = ">=2.14" },
]
    { name = "typing-extensions" },
[[package]]
name = "deptry"
version = "0.23.1"
source = { registry = "https://pypi.org/simple" }
dependencies = [
    { name = "click" },
    { name = "colorama", marker = "sys_platform == 'win32'" },
    { name = "packaging" },
    { name = "requirements-parser" },
]
sdist = { url = "https://files.pythonhosted.org/packages/a3/31/3e2f4a9b43bd807b28a49d673b9b5f8dcc7265d43950b24e875ba90e6205/deptry-0.23.1.tar.gz", hash = "sha256:5d23e0ef25f3c56405c05383a476edda55944563c5c47a3e9249ed3ec860d382", size = 460016, upload-time = "2025-07-31T05:54:49.681Z" }
wheels = [
    { url = "https://files.pythonhosted.org/packages/cb/d0/9785c0e7fdab12f5324467d70ba65ad03b9d4071a13fc182b6d98bab6208/deptry-0.23.1-cp39-abi3-macosx_10_12_x86_64.whl", hash = "sha256:f0b231d098fb5b48d8973c9f192c353ffdd395770063424969fa7f15ddfea7d8", size = 1768731, upload-time = "2025-07-31T05:54:47.348Z" },
    { url = "https://files.pythonhosted.org/packages/c5/4b/46aded35e0de153936b2214e49e5935179eed9f23cbd3a9a0cd9a5ab0abd/deptry-0.23.1-cp39-abi3-macosx_11_0_arm64.whl", hash = "sha256:bf057f514bb2fa18a2b192a7f7372bd14577ff46b11486933e8383dfef461983", size = 1667240, upload-time = "2025-07-31T05:54:43.956Z" },
    { url = "https://files.pythonhosted.org/packages/ef/f7/206330f68280a1af7edb8bea87f383dbaa4e3b02b37199d40f86e4c43048/deptry-0.23.1-cp39-abi3-manylinux_2_17_aarch64.manylinux2014_aarch64.whl", hash = "sha256:1ee3f5663bb1c048e2aaf25a4d9e6d09cc1f3b3396ee248980878c6a6c9c0e21", size = 1772019, upload-time = "2025-07-31T05:54:31.165Z" },
    { url = "https://files.pythonhosted.org/packages/c5/80/51a9e94349b47013e2fd78fd221b12202a7866cd2e0882cfd87d63055e88/deptry-0.23.1-cp39-abi3-manylinux_2_17_x86_64.manylinux2014_x86_64.whl", hash = "sha256:ae0366dc5f50a5fb29cf90de1110c5e368513de6c1b2dac439f2817f3f752616", size = 1855973, upload-time = "2025-07-31T05:54:37.733Z" },
    { url = "https://files.pythonhosted.org/packages/d5/7a/bff10ddd26ce39c56a9a35bdc98fcf44c2befe5954c8da4bb895e3f750bb/deptry-0.23.1-cp39-abi3-musllinux_1_1_aarch64.whl", hash = "sha256:ab156a90a9eda5819aeb1c1da585dd4d5ec509029399a38771a49e78f40db90f", size = 1946957, upload-time = "2025-07-31T05:54:34.567Z" },
    { url = "https://files.pythonhosted.org/packages/7e/b6/c80b190cbd817d1f75f8d02d4b6f4d430b2f3014a09d3895684e291e473b/deptry-0.23.1-cp39-abi3-musllinux_1_1_x86_64.whl", hash = "sha256:651c7eb168233755152fcc468713c024d64a03069645187edb4a17ba61ce6133", size = 2025282, upload-time = "2025-07-31T05:54:40.906Z" },
    { url = "https://files.pythonhosted.org/packages/3c/58/1dfb7a6c4ec2daf123264d2c30f53f45791fee46cd0244be5bf97597d2aa/deptry-0.23.1-cp39-abi3-win_amd64.whl", hash = "sha256:8da1e8f70e7086ebc228f3a4a3cfb5aa127b09b5eef60d694503d6bb79809025", size = 1631377, upload-time = "2025-07-31T05:54:51.951Z" },
    { url = "https://files.pythonhosted.org/packages/18/d3/667b974cf42fc50245a8028beb9966643ee214ca567cc6df6e876feca5ed/deptry-0.23.1-cp39-abi3-win_arm64.whl", hash = "sha256:f589497a5809717db4dcf2aa840f2847c0a4c489331608e538850b6a9ab1c30b", size = 1551113, upload-time = "2025-07-31T05:54:50.679Z" },
]

    { name = "typing-extensions" },
[[package]]
name = "opentelemetry-exporter-otlp"
version = "1.37.0"
source = { registry = "https://pypi.org/simple" }
dependencies = [
    { name = "opentelemetry-exporter-otlp-proto-grpc" },
    { name = "opentelemetry-exporter-otlp-proto-http" },
]
sdist = { url = "https://files.pythonhosted.org/packages/64/df/47fde1de15a3d5ad410e98710fac60cd3d509df5dc7ec1359b71d6bf7e70/opentelemetry_exporter_otlp-1.37.0.tar.gz", hash = "sha256:f85b1929dd0d750751cc9159376fb05aa88bb7a08b6cdbf84edb0054d93e9f26", size = 6145, upload-time = "2025-09-11T10:29:03.075Z" }
wheels = [
    { url = "https://files.pythonhosted.org/packages/f5/23/7e35e41111e3834d918e414eca41555d585e8860c9149507298bb3b9b061/opentelemetry_exporter_otlp-1.37.0-py3-none-any.whl", hash = "sha256:bd44592c6bc7fc3e5c0a9b60f2ee813c84c2800c449e59504ab93f356cc450fc", size = 7019, upload-time = "2025-09-11T10:28:44.094Z" },
]

[[package]]
name = "opentelemetry-exporter-otlp-proto-common"
version = "1.37.0"
source = { registry = "https://pypi.org/simple" }
dependencies = [
    { name = "opentelemetry-proto" },
]
sdist = { url = "https://files.pythonhosted.org/packages/dc/6c/10018cbcc1e6fff23aac67d7fd977c3d692dbe5f9ef9bb4db5c1268726cc/opentelemetry_exporter_otlp_proto_common-1.37.0.tar.gz", hash = "sha256:c87a1bdd9f41fdc408d9cc9367bb53f8d2602829659f2b90be9f9d79d0bfe62c", size = 20430, upload-time = "2025-09-11T10:29:03.605Z" }
wheels = [
    { url = "https://files.pythonhosted.org/packages/08/13/b4ef09837409a777f3c0af2a5b4ba9b7af34872bc43609dda0c209e4060d/opentelemetry_exporter_otlp_proto_common-1.37.0-py3-none-any.whl", hash = "sha256:53038428449c559b0c564b8d718df3314da387109c4d36bd1b94c9a641b0292e", size = 18359, upload-time = "2025-09-11T10:28:44.939Z" },
]

[[package]]
name = "opentelemetry-exporter-otlp-proto-grpc"
version = "1.37.0"
source = { registry = "https://pypi.org/simple" }
dependencies = [
    { name = "googleapis-common-protos" },
    { name = "grpcio" },
    { name = "opentelemetry-api" },
    { name = "opentelemetry-exporter-otlp-proto-common" },
    { name = "opentelemetry-proto" },
    { name = "opentelemetry-sdk" },
    { name = "typing-extensions" },
]
sdist = { url = "https://files.pythonhosted.org/packages/d1/11/4ad0979d0bb13ae5a845214e97c8d42da43980034c30d6f72d8e0ebe580e/opentelemetry_exporter_otlp_proto_grpc-1.37.0.tar.gz", hash = "sha256:f55bcb9fc848ce05ad3dd954058bc7b126624d22c4d9e958da24d8537763bec5", size = 24465, upload-time = "2025-09-11T10:29:04.172Z" }
wheels = [
    { url = "https://files.pythonhosted.org/packages/39/17/46630b74751031a658706bef23ac99cdc2953cd3b2d28ec90590a0766b3e/opentelemetry_exporter_otlp_proto_grpc-1.37.0-py3-none-any.whl", hash = "sha256:aee5104835bf7993b7ddaaf380b6467472abaedb1f1dbfcc54a52a7d781a3890", size = 19305, upload-time = "2025-09-11T10:28:45.776Z" },
]

[[package]]
name = "opentelemetry-exporter-otlp-proto-http"
version = "1.37.0"
source = { registry = "https://pypi.org/simple" }
dependencies = [
    { name = "googleapis-common-protos" },
    { name = "opentelemetry-api" },
    { name = "opentelemetry-exporter-otlp-proto-common" },
    { name = "opentelemetry-proto" },
    { name = "opentelemetry-sdk" },
    { name = "requests" },
    { name = "typing-extensions" },
]
sdist = { url = "https://files.pythonhosted.org/packages/5d/e3/6e320aeb24f951449e73867e53c55542bebbaf24faeee7623ef677d66736/opentelemetry_exporter_otlp_proto_http-1.37.0.tar.gz", hash = "sha256:e52e8600f1720d6de298419a802108a8f5afa63c96809ff83becb03f874e44ac", size = 17281, upload-time = "2025-09-11T10:29:04.844Z" }
wheels = [
    { url = "https://files.pythonhosted.org/packages/e9/e9/70d74a664d83976556cec395d6bfedd9b85ec1498b778367d5f93e373397/opentelemetry_exporter_otlp_proto_http-1.37.0-py3-none-any.whl", hash = "sha256:54c42b39945a6cc9d9a2a33decb876eabb9547e0dcb49df090122773447f1aef", size = 19576, upload-time = "2025-09-11T10:28:46.726Z" },
]

[[package]]
name = "opentelemetry-proto"
version = "1.37.0"
source = { registry = "https://pypi.org/simple" }
dependencies = [
    { name = "protobuf" },
]
sdist = { url = "https://files.pythonhosted.org/packages/dd/ea/a75f36b463a36f3c5a10c0b5292c58b31dbdde74f6f905d3d0ab2313987b/opentelemetry_proto-1.37.0.tar.gz", hash = "sha256:30f5c494faf66f77faeaefa35ed4443c5edb3b0aa46dad073ed7210e1a789538", size = 46151, upload-time = "2025-09-11T10:29:11.04Z" }
wheels = [
    { url = "https://files.pythonhosted.org/packages/c4/25/f89ea66c59bd7687e218361826c969443c4fa15dfe89733f3bf1e2a9e971/opentelemetry_proto-1.37.0-py3-none-any.whl", hash = "sha256:8ed8c066ae8828bbf0c39229979bdf583a126981142378a9cbe9d6fd5701c6e2", size = 72534, upload-time = "2025-09-11T10:28:56.831Z" },
]

[[package]]
name = "pytest-randomly"
version = "4.0.1"
source = { registry = "https://pypi.org/simple" }
dependencies = [
    { name = "pytest" },
]
sdist = { url = "https://files.pythonhosted.org/packages/c4/1d/258a4bf1109258c00c35043f40433be5c16647387b6e7cd5582d638c116b/pytest_randomly-4.0.1.tar.gz", hash = "sha256:174e57bb12ac2c26f3578188490bd333f0e80620c3f47340158a86eca0593cd8", size = 14130, upload-time = "2025-09-12T15:23:00.085Z" }
wheels = [
    { url = "https://files.pythonhosted.org/packages/33/3e/a4a9227807b56869790aad3e24472a554b585974fe7e551ea350f50897ae/pytest_randomly-4.0.1-py3-none-any.whl", hash = "sha256:e0dfad2fd4f35e07beff1e47c17fbafcf98f9bf4531fd369d9260e2f858bfcb7", size = 8304, upload-time = "2025-09-12T15:22:58.946Z" },
]

[[package]]
name = "requirements-parser"
version = "0.13.0"
source = { registry = "https://pypi.org/simple" }
dependencies = [
    { name = "packaging" },
]
sdist = { url = "https://files.pythonhosted.org/packages/95/96/fb6dbfebb524d5601d359a47c78fe7ba1eef90fc4096404aa60c9a906fbb/requirements_parser-0.13.0.tar.gz", hash = "sha256:0843119ca2cb2331de4eb31b10d70462e39ace698fd660a915c247d2301a4418", size = 22630, upload-time = "2025-05-21T13:42:05.464Z" }
wheels = [
    { url = "https://files.pythonhosted.org/packages/bd/60/50fbb6ffb35f733654466f1a90d162bcbea358adc3b0871339254fbc37b2/requirements_parser-0.13.0-py3-none-any.whl", hash = "sha256:2b3173faecf19ec5501971b7222d38f04cb45bb9d87d0ad629ca71e2e62ded14", size = 14782, upload-time = "2025-05-21T13:42:04.007Z" },
]

version = "80.9.0"
sdist = { url = "https://files.pythonhosted.org/packages/18/5d/3bf57dcd21979b887f014ea83c24ae194cfcd12b9e0fda66b957c69d1fca/setuptools-80.9.0.tar.gz", hash = "sha256:f36b47402ecde768dbfafc46e8e4207b4360c654f1f3bb84475f0a28628fb19c", size = 1319958, upload-time = "2025-05-27T00:56:51.443Z" }
    { url = "https://files.pythonhosted.org/packages/a3/dc/17031897dae0efacfea57dfd3a82fdd2a2aeb58e0ff71b77b87e44edc772/setuptools-80.9.0-py3-none-any.whl", hash = "sha256:062d34222ad13e0cc312a4c02d73f059e86a4acbfbdea8f8f76b28c99f306922", size = 1201486, upload-time = "2025-05-27T00:56:49.664Z" },
[[package]]
name = "vulture"
version = "2.14"
source = { registry = "https://pypi.org/simple" }
sdist = { url = "https://files.pythonhosted.org/packages/8e/25/925f35db758a0f9199113aaf61d703de891676b082bd7cf73ea01d6000f7/vulture-2.14.tar.gz", hash = "sha256:cb8277902a1138deeab796ec5bef7076a6e0248ca3607a3f3dee0b6d9e9b8415", size = 58823, upload-time = "2024-12-08T17:39:43.319Z" }
wheels = [
    { url = "https://files.pythonhosted.org/packages/a0/56/0cc15b8ff2613c1d5c3dc1f3f576ede1c43868c1bc2e5ccaa2d4bcd7974d/vulture-2.14-py2.py3-none-any.whl", hash = "sha256:d9a90dba89607489548a49d557f8bac8112bd25d3cbc8aeef23e860811bd5ed9", size = 28915, upload-time = "2024-12-08T17:39:40.573Z" },
]

